// !$*UTF8*$!
{
	archiveVersion = 1;
	classes = {
	};
	objectVersion = 56;
	objects = {

/* Begin PBXBuildFile section */
		630AA25629D465E900F28151 /* AppDelegate.swift in Sources */ = {isa = PBXBuildFile; fileRef = 630AA25529D465E900F28151 /* AppDelegate.swift */; };
		630AA25829D465E900F28151 /* SceneDelegate.swift in Sources */ = {isa = PBXBuildFile; fileRef = 630AA25729D465E900F28151 /* SceneDelegate.swift */; };
		630AA25A29D465E900F28151 /* MainTabBarViewController.swift in Sources */ = {isa = PBXBuildFile; fileRef = 630AA25929D465E900F28151 /* MainTabBarViewController.swift */; };
		630AA25F29D465EA00F28151 /* Assets.xcassets in Resources */ = {isa = PBXBuildFile; fileRef = 630AA25E29D465EA00F28151 /* Assets.xcassets */; };
		630AA26229D465EA00F28151 /* LaunchScreen.storyboard in Resources */ = {isa = PBXBuildFile; fileRef = 630AA26029D465EA00F28151 /* LaunchScreen.storyboard */; };
		630AA26B29D468D400F28151 /* HomeViewController.swift in Sources */ = {isa = PBXBuildFile; fileRef = 630AA26A29D468D400F28151 /* HomeViewController.swift */; };
		630AA26D29D4691A00F28151 /* UpcomingViewController.swift in Sources */ = {isa = PBXBuildFile; fileRef = 630AA26C29D4691A00F28151 /* UpcomingViewController.swift */; };
		630AA26F29D4816E00F28151 /* SearchViewController.swift in Sources */ = {isa = PBXBuildFile; fileRef = 630AA26E29D4816E00F28151 /* SearchViewController.swift */; };
		630AA27129D4817B00F28151 /* DownloadsViewController.swift in Sources */ = {isa = PBXBuildFile; fileRef = 630AA27029D4817B00F28151 /* DownloadsViewController.swift */; };
		6361732429DB691E00924B6E /* CollectionViewTableViewCell.swift in Sources */ = {isa = PBXBuildFile; fileRef = 6361732329DB691E00924B6E /* CollectionViewTableViewCell.swift */; };
		6361E10A29DEC7CB0034DBF5 /* HeroHeaderUIView.swift in Sources */ = {isa = PBXBuildFile; fileRef = 6361E10929DEC7CB0034DBF5 /* HeroHeaderUIView.swift */; };
		63660EC929F34D2E00837EB8 /* APICaller.swift in Sources */ = {isa = PBXBuildFile; fileRef = 63660EC829F34D2E00837EB8 /* APICaller.swift */; };
		63660ECB29F3EA0D00837EB8 /* Title.swift in Sources */ = {isa = PBXBuildFile; fileRef = 63660ECA29F3EA0D00837EB8 /* Title.swift */; };
		6367D3C92A45A102004026A8 /* TitleCollectionViewCell.swift in Sources */ = {isa = PBXBuildFile; fileRef = 6367D3C82A45A102004026A8 /* TitleCollectionViewCell.swift */; };
		6367D3CC2A45A3ED004026A8 /* SDWebImage in Frameworks */ = {isa = PBXBuildFile; productRef = 6367D3CB2A45A3ED004026A8 /* SDWebImage */; };
		6367D3CE2A45A3ED004026A8 /* SDWebImageMapKit in Frameworks */ = {isa = PBXBuildFile; productRef = 6367D3CD2A45A3ED004026A8 /* SDWebImageMapKit */; };
		63A6201A2A3113B80060FD52 /* Extensions.swift in Sources */ = {isa = PBXBuildFile; fileRef = 63A620192A3113B80060FD52 /* Extensions.swift */; };
/* End PBXBuildFile section */

/* Begin PBXFileReference section */
		630AA25229D465E900F28151 /* Netflix.app */ = {isa = PBXFileReference; explicitFileType = wrapper.application; includeInIndex = 0; path = Netflix.app; sourceTree = BUILT_PRODUCTS_DIR; };
		630AA25529D465E900F28151 /* AppDelegate.swift */ = {isa = PBXFileReference; lastKnownFileType = sourcecode.swift; path = AppDelegate.swift; sourceTree = "<group>"; };
		630AA25729D465E900F28151 /* SceneDelegate.swift */ = {isa = PBXFileReference; lastKnownFileType = sourcecode.swift; path = SceneDelegate.swift; sourceTree = "<group>"; };
		630AA25929D465E900F28151 /* MainTabBarViewController.swift */ = {isa = PBXFileReference; lastKnownFileType = sourcecode.swift; path = MainTabBarViewController.swift; sourceTree = "<group>"; };
		630AA25E29D465EA00F28151 /* Assets.xcassets */ = {isa = PBXFileReference; lastKnownFileType = folder.assetcatalog; path = Assets.xcassets; sourceTree = "<group>"; };
		630AA26129D465EA00F28151 /* Base */ = {isa = PBXFileReference; lastKnownFileType = file.storyboard; name = Base; path = Base.lproj/LaunchScreen.storyboard; sourceTree = "<group>"; };
		630AA26329D465EA00F28151 /* Info.plist */ = {isa = PBXFileReference; lastKnownFileType = text.plist.xml; path = Info.plist; sourceTree = "<group>"; };
		630AA26A29D468D400F28151 /* HomeViewController.swift */ = {isa = PBXFileReference; lastKnownFileType = sourcecode.swift; path = HomeViewController.swift; sourceTree = "<group>"; };
		630AA26C29D4691A00F28151 /* UpcomingViewController.swift */ = {isa = PBXFileReference; lastKnownFileType = sourcecode.swift; path = UpcomingViewController.swift; sourceTree = "<group>"; };
		630AA26E29D4816E00F28151 /* SearchViewController.swift */ = {isa = PBXFileReference; lastKnownFileType = sourcecode.swift; path = SearchViewController.swift; sourceTree = "<group>"; };
		630AA27029D4817B00F28151 /* DownloadsViewController.swift */ = {isa = PBXFileReference; lastKnownFileType = sourcecode.swift; path = DownloadsViewController.swift; sourceTree = "<group>"; };
		6361732329DB691E00924B6E /* CollectionViewTableViewCell.swift */ = {isa = PBXFileReference; lastKnownFileType = sourcecode.swift; path = CollectionViewTableViewCell.swift; sourceTree = "<group>"; };
		6361E10929DEC7CB0034DBF5 /* HeroHeaderUIView.swift */ = {isa = PBXFileReference; lastKnownFileType = sourcecode.swift; path = HeroHeaderUIView.swift; sourceTree = "<group>"; };
		63660EC829F34D2E00837EB8 /* APICaller.swift */ = {isa = PBXFileReference; lastKnownFileType = sourcecode.swift; path = APICaller.swift; sourceTree = "<group>"; };
		63660ECA29F3EA0D00837EB8 /* Title.swift */ = {isa = PBXFileReference; lastKnownFileType = sourcecode.swift; path = Title.swift; sourceTree = "<group>"; };
		6367D3C82A45A102004026A8 /* TitleCollectionViewCell.swift */ = {isa = PBXFileReference; lastKnownFileType = sourcecode.swift; path = TitleCollectionViewCell.swift; sourceTree = "<group>"; };
		63A620192A3113B80060FD52 /* Extensions.swift */ = {isa = PBXFileReference; lastKnownFileType = sourcecode.swift; path = Extensions.swift; sourceTree = "<group>"; };
/* End PBXFileReference section */

/* Begin PBXFrameworksBuildPhase section */
		630AA24F29D465E900F28151 /* Frameworks */ = {
			isa = PBXFrameworksBuildPhase;
			buildActionMask = 2147483647;
			files = (
				6367D3CE2A45A3ED004026A8 /* SDWebImageMapKit in Frameworks */,
				6367D3CC2A45A3ED004026A8 /* SDWebImage in Frameworks */,
			);
			runOnlyForDeploymentPostprocessing = 0;
		};
/* End PBXFrameworksBuildPhase section */

/* Begin PBXGroup section */
		630AA24929D465E900F28151 = {
			isa = PBXGroup;
			children = (
				630AA25429D465E900F28151 /* Netflix */,
				630AA25329D465E900F28151 /* Products */,
			);
			sourceTree = "<group>";
		};
		630AA25329D465E900F28151 /* Products */ = {
			isa = PBXGroup;
			children = (
				630AA25229D465E900F28151 /* Netflix.app */,
			);
			name = Products;
			sourceTree = "<group>";
		};
		630AA25429D465E900F28151 /* Netflix */ = {
			isa = PBXGroup;
			children = (
				6361732229DB5E0500924B6E /* Managers */,
				6361732129DB5DF900924B6E /* Resources */,
				6361732029DB5DBE00924B6E /* Models */,
				6361731E29DB5D7A00924B6E /* Views */,
				6361731F29DB5D9500924B6E /* ViewModels */,
				630AA26929D468A800F28151 /* Controllers */,
				630AA25529D465E900F28151 /* AppDelegate.swift */,
				630AA25729D465E900F28151 /* SceneDelegate.swift */,
				630AA25929D465E900F28151 /* MainTabBarViewController.swift */,
				630AA25E29D465EA00F28151 /* Assets.xcassets */,
				630AA26029D465EA00F28151 /* LaunchScreen.storyboard */,
				630AA26329D465EA00F28151 /* Info.plist */,
			);
			path = Netflix;
			sourceTree = "<group>";
		};
		630AA26929D468A800F28151 /* Controllers */ = {
			isa = PBXGroup;
			children = (
				630AA26A29D468D400F28151 /* HomeViewController.swift */,
				630AA26C29D4691A00F28151 /* UpcomingViewController.swift */,
				630AA26E29D4816E00F28151 /* SearchViewController.swift */,
				630AA27029D4817B00F28151 /* DownloadsViewController.swift */,
			);
			path = Controllers;
			sourceTree = "<group>";
		};
		6361731E29DB5D7A00924B6E /* Views */ = {
			isa = PBXGroup;
			children = (
				6361732329DB691E00924B6E /* CollectionViewTableViewCell.swift */,
				6361E10929DEC7CB0034DBF5 /* HeroHeaderUIView.swift */,
				6367D3C82A45A102004026A8 /* TitleCollectionViewCell.swift */,
			);
			path = Views;
			sourceTree = "<group>";
		};
		6361731F29DB5D9500924B6E /* ViewModels */ = {
			isa = PBXGroup;
			children = (
			);
			path = ViewModels;
			sourceTree = "<group>";
		};
		6361732029DB5DBE00924B6E /* Models */ = {
			isa = PBXGroup;
			children = (
				63660ECA29F3EA0D00837EB8 /* Title.swift */,
			);
			path = Models;
			sourceTree = "<group>";
		};
		6361732129DB5DF900924B6E /* Resources */ = {
			isa = PBXGroup;
			children = (
				63A620192A3113B80060FD52 /* Extensions.swift */,
			);
			path = Resources;
			sourceTree = "<group>";
		};
		6361732229DB5E0500924B6E /* Managers */ = {
			isa = PBXGroup;
			children = (
				63660EC829F34D2E00837EB8 /* APICaller.swift */,
			);
			path = Managers;
			sourceTree = "<group>";
		};
/* End PBXGroup section */

/* Begin PBXNativeTarget section */
		630AA25129D465E900F28151 /* Netflix */ = {
			isa = PBXNativeTarget;
			buildConfigurationList = 630AA26629D465EA00F28151 /* Build configuration list for PBXNativeTarget "Netflix" */;
			buildPhases = (
				630AA24E29D465E900F28151 /* Sources */,
				630AA24F29D465E900F28151 /* Frameworks */,
				630AA25029D465E900F28151 /* Resources */,
			);
			buildRules = (
			);
			dependencies = (
			);
			name = Netflix;
			packageProductDependencies = (
				6367D3CB2A45A3ED004026A8 /* SDWebImage */,
				6367D3CD2A45A3ED004026A8 /* SDWebImageMapKit */,
			);
			productName = Netflix;
			productReference = 630AA25229D465E900F28151 /* Netflix.app */;
			productType = "com.apple.product-type.application";
		};
/* End PBXNativeTarget section */

/* Begin PBXProject section */
		630AA24A29D465E900F28151 /* Project object */ = {
			isa = PBXProject;
			attributes = {
				BuildIndependentTargetsInParallel = 1;
				LastSwiftUpdateCheck = 1420;
				LastUpgradeCheck = 1420;
				TargetAttributes = {
					630AA25129D465E900F28151 = {
						CreatedOnToolsVersion = 14.2;
						LastSwiftMigration = 1420;
					};
				};
			};
			buildConfigurationList = 630AA24D29D465E900F28151 /* Build configuration list for PBXProject "Netflix" */;
			compatibilityVersion = "Xcode 14.0";
			developmentRegion = en;
			hasScannedForEncodings = 0;
			knownRegions = (
				en,
				Base,
			);
			mainGroup = 630AA24929D465E900F28151;
			packageReferences = (
				6367D3CA2A45A3ED004026A8 /* XCRemoteSwiftPackageReference "SDWebImage" */,
			);
			productRefGroup = 630AA25329D465E900F28151 /* Products */;
			projectDirPath = "";
			projectRoot = "";
			targets = (
				630AA25129D465E900F28151 /* Netflix */,
			);
		};
/* End PBXProject section */

/* Begin PBXResourcesBuildPhase section */
		630AA25029D465E900F28151 /* Resources */ = {
			isa = PBXResourcesBuildPhase;
			buildActionMask = 2147483647;
			files = (
				630AA26229D465EA00F28151 /* LaunchScreen.storyboard in Resources */,
				630AA25F29D465EA00F28151 /* Assets.xcassets in Resources */,
			);
			runOnlyForDeploymentPostprocessing = 0;
		};
/* End PBXResourcesBuildPhase section */

/* Begin PBXSourcesBuildPhase section */
		630AA24E29D465E900F28151 /* Sources */ = {
			isa = PBXSourcesBuildPhase;
			buildActionMask = 2147483647;
			files = (
				630AA26F29D4816E00F28151 /* SearchViewController.swift in Sources */,
				6367D3C92A45A102004026A8 /* TitleCollectionViewCell.swift in Sources */,
				630AA26B29D468D400F28151 /* HomeViewController.swift in Sources */,
				6361732429DB691E00924B6E /* CollectionViewTableViewCell.swift in Sources */,
				63660EC929F34D2E00837EB8 /* APICaller.swift in Sources */,
				6361E10A29DEC7CB0034DBF5 /* HeroHeaderUIView.swift in Sources */,
				630AA27129D4817B00F28151 /* DownloadsViewController.swift in Sources */,
				630AA25A29D465E900F28151 /* MainTabBarViewController.swift in Sources */,
				63A6201A2A3113B80060FD52 /* Extensions.swift in Sources */,
				630AA25629D465E900F28151 /* AppDelegate.swift in Sources */,
				630AA26D29D4691A00F28151 /* UpcomingViewController.swift in Sources */,
				63660ECB29F3EA0D00837EB8 /* Title.swift in Sources */,
				630AA25829D465E900F28151 /* SceneDelegate.swift in Sources */,
			);
			runOnlyForDeploymentPostprocessing = 0;
		};
/* End PBXSourcesBuildPhase section */

/* Begin PBXVariantGroup section */
		630AA26029D465EA00F28151 /* LaunchScreen.storyboard */ = {
			isa = PBXVariantGroup;
			children = (
				630AA26129D465EA00F28151 /* Base */,
			);
			name = LaunchScreen.storyboard;
			sourceTree = "<group>";
		};
/* End PBXVariantGroup section */

/* Begin XCBuildConfiguration section */
		630AA26429D465EA00F28151 /* Debug */ = {
			isa = XCBuildConfiguration;
			buildSettings = {
				ALWAYS_SEARCH_USER_PATHS = NO;
				CLANG_ANALYZER_NONNULL = YES;
				CLANG_ANALYZER_NUMBER_OBJECT_CONVERSION = YES_AGGRESSIVE;
				CLANG_CXX_LANGUAGE_STANDARD = "gnu++20";
				CLANG_ENABLE_MODULES = YES;
				CLANG_ENABLE_OBJC_ARC = YES;
				CLANG_ENABLE_OBJC_WEAK = YES;
				CLANG_WARN_BLOCK_CAPTURE_AUTORELEASING = YES;
				CLANG_WARN_BOOL_CONVERSION = YES;
				CLANG_WARN_COMMA = YES;
				CLANG_WARN_CONSTANT_CONVERSION = YES;
				CLANG_WARN_DEPRECATED_OBJC_IMPLEMENTATIONS = YES;
				CLANG_WARN_DIRECT_OBJC_ISA_USAGE = YES_ERROR;
				CLANG_WARN_DOCUMENTATION_COMMENTS = YES;
				CLANG_WARN_EMPTY_BODY = YES;
				CLANG_WARN_ENUM_CONVERSION = YES;
				CLANG_WARN_INFINITE_RECURSION = YES;
				CLANG_WARN_INT_CONVERSION = YES;
				CLANG_WARN_NON_LITERAL_NULL_CONVERSION = YES;
				CLANG_WARN_OBJC_IMPLICIT_RETAIN_SELF = YES;
				CLANG_WARN_OBJC_LITERAL_CONVERSION = YES;
				CLANG_WARN_OBJC_ROOT_CLASS = YES_ERROR;
				CLANG_WARN_QUOTED_INCLUDE_IN_FRAMEWORK_HEADER = YES;
				CLANG_WARN_RANGE_LOOP_ANALYSIS = YES;
				CLANG_WARN_STRICT_PROTOTYPES = YES;
				CLANG_WARN_SUSPICIOUS_MOVE = YES;
				CLANG_WARN_UNGUARDED_AVAILABILITY = YES_AGGRESSIVE;
				CLANG_WARN_UNREACHABLE_CODE = YES;
				CLANG_WARN__DUPLICATE_METHOD_MATCH = YES;
				COPY_PHASE_STRIP = NO;
				DEBUG_INFORMATION_FORMAT = dwarf;
				ENABLE_STRICT_OBJC_MSGSEND = YES;
				ENABLE_TESTABILITY = YES;
				GCC_C_LANGUAGE_STANDARD = gnu11;
				GCC_DYNAMIC_NO_PIC = NO;
				GCC_NO_COMMON_BLOCKS = YES;
				GCC_OPTIMIZATION_LEVEL = 0;
				GCC_PREPROCESSOR_DEFINITIONS = (
					"DEBUG=1",
					"$(inherited)",
				);
				GCC_WARN_64_TO_32_BIT_CONVERSION = YES;
				GCC_WARN_ABOUT_RETURN_TYPE = YES_ERROR;
				GCC_WARN_UNDECLARED_SELECTOR = YES;
				GCC_WARN_UNINITIALIZED_AUTOS = YES_AGGRESSIVE;
				GCC_WARN_UNUSED_FUNCTION = YES;
				GCC_WARN_UNUSED_VARIABLE = YES;
				IPHONEOS_DEPLOYMENT_TARGET = 16.2;
				MTL_ENABLE_DEBUG_INFO = INCLUDE_SOURCE;
				MTL_FAST_MATH = YES;
				ONLY_ACTIVE_ARCH = YES;
				SDKROOT = iphoneos;
				SWIFT_ACTIVE_COMPILATION_CONDITIONS = DEBUG;
				SWIFT_OPTIMIZATION_LEVEL = "-Onone";
			};
			name = Debug;
		};
		630AA26529D465EA00F28151 /* Release */ = {
			isa = XCBuildConfiguration;
			buildSettings = {
				ALWAYS_SEARCH_USER_PATHS = NO;
				CLANG_ANALYZER_NONNULL = YES;
				CLANG_ANALYZER_NUMBER_OBJECT_CONVERSION = YES_AGGRESSIVE;
				CLANG_CXX_LANGUAGE_STANDARD = "gnu++20";
				CLANG_ENABLE_MODULES = YES;
				CLANG_ENABLE_OBJC_ARC = YES;
				CLANG_ENABLE_OBJC_WEAK = YES;
				CLANG_WARN_BLOCK_CAPTURE_AUTORELEASING = YES;
				CLANG_WARN_BOOL_CONVERSION = YES;
				CLANG_WARN_COMMA = YES;
				CLANG_WARN_CONSTANT_CONVERSION = YES;
				CLANG_WARN_DEPRECATED_OBJC_IMPLEMENTATIONS = YES;
				CLANG_WARN_DIRECT_OBJC_ISA_USAGE = YES_ERROR;
				CLANG_WARN_DOCUMENTATION_COMMENTS = YES;
				CLANG_WARN_EMPTY_BODY = YES;
				CLANG_WARN_ENUM_CONVERSION = YES;
				CLANG_WARN_INFINITE_RECURSION = YES;
				CLANG_WARN_INT_CONVERSION = YES;
				CLANG_WARN_NON_LITERAL_NULL_CONVERSION = YES;
				CLANG_WARN_OBJC_IMPLICIT_RETAIN_SELF = YES;
				CLANG_WARN_OBJC_LITERAL_CONVERSION = YES;
				CLANG_WARN_OBJC_ROOT_CLASS = YES_ERROR;
				CLANG_WARN_QUOTED_INCLUDE_IN_FRAMEWORK_HEADER = YES;
				CLANG_WARN_RANGE_LOOP_ANALYSIS = YES;
				CLANG_WARN_STRICT_PROTOTYPES = YES;
				CLANG_WARN_SUSPICIOUS_MOVE = YES;
				CLANG_WARN_UNGUARDED_AVAILABILITY = YES_AGGRESSIVE;
				CLANG_WARN_UNREACHABLE_CODE = YES;
				CLANG_WARN__DUPLICATE_METHOD_MATCH = YES;
				COPY_PHASE_STRIP = NO;
				DEBUG_INFORMATION_FORMAT = "dwarf-with-dsym";
				ENABLE_NS_ASSERTIONS = NO;
				ENABLE_STRICT_OBJC_MSGSEND = YES;
				GCC_C_LANGUAGE_STANDARD = gnu11;
				GCC_NO_COMMON_BLOCKS = YES;
				GCC_WARN_64_TO_32_BIT_CONVERSION = YES;
				GCC_WARN_ABOUT_RETURN_TYPE = YES_ERROR;
				GCC_WARN_UNDECLARED_SELECTOR = YES;
				GCC_WARN_UNINITIALIZED_AUTOS = YES_AGGRESSIVE;
				GCC_WARN_UNUSED_FUNCTION = YES;
				GCC_WARN_UNUSED_VARIABLE = YES;
				IPHONEOS_DEPLOYMENT_TARGET = 16.2;
				MTL_ENABLE_DEBUG_INFO = NO;
				MTL_FAST_MATH = YES;
				SDKROOT = iphoneos;
				SWIFT_COMPILATION_MODE = wholemodule;
				SWIFT_OPTIMIZATION_LEVEL = "-O";
				VALIDATE_PRODUCT = YES;
			};
			name = Release;
		};
		630AA26729D465EA00F28151 /* Debug */ = {
			isa = XCBuildConfiguration;
			buildSettings = {
				ASSETCATALOG_COMPILER_APPICON_NAME = AppIcon;
				ASSETCATALOG_COMPILER_GLOBAL_ACCENT_COLOR_NAME = AccentColor;
				CLANG_ENABLE_MODULES = YES;
				CODE_SIGN_STYLE = Automatic;
				CURRENT_PROJECT_VERSION = 1;
				GENERATE_INFOPLIST_FILE = YES;
				INFOPLIST_FILE = Netflix/Info.plist;
				INFOPLIST_KEY_UIApplicationSupportsIndirectInputEvents = YES;
				INFOPLIST_KEY_UILaunchStoryboardName = LaunchScreen;
				INFOPLIST_KEY_UISupportedInterfaceOrientations_iPad = "UIInterfaceOrientationPortrait UIInterfaceOrientationPortraitUpsideDown UIInterfaceOrientationLandscapeLeft UIInterfaceOrientationLandscapeRight";
				INFOPLIST_KEY_UISupportedInterfaceOrientations_iPhone = "UIInterfaceOrientationPortrait UIInterfaceOrientationLandscapeLeft UIInterfaceOrientationLandscapeRight";
				LD_RUNPATH_SEARCH_PATHS = (
					"$(inherited)",
					"@executable_path/Frameworks",
				);
				MARKETING_VERSION = 1.0;
				PRODUCT_BUNDLE_IDENTIFIER = david.Netflix;
				PRODUCT_NAME = "$(TARGET_NAME)";
				SWIFT_EMIT_LOC_STRINGS = YES;
				SWIFT_OPTIMIZATION_LEVEL = "-Onone";
				SWIFT_VERSION = 5.0;
				TARGETED_DEVICE_FAMILY = "1,2";
			};
			name = Debug;
		};
		630AA26829D465EA00F28151 /* Release */ = {
			isa = XCBuildConfiguration;
			buildSettings = {
				ASSETCATALOG_COMPILER_APPICON_NAME = AppIcon;
				ASSETCATALOG_COMPILER_GLOBAL_ACCENT_COLOR_NAME = AccentColor;
				CLANG_ENABLE_MODULES = YES;
				CODE_SIGN_STYLE = Automatic;
				CURRENT_PROJECT_VERSION = 1;
				GENERATE_INFOPLIST_FILE = YES;
				INFOPLIST_FILE = Netflix/Info.plist;
				INFOPLIST_KEY_UIApplicationSupportsIndirectInputEvents = YES;
				INFOPLIST_KEY_UILaunchStoryboardName = LaunchScreen;
				INFOPLIST_KEY_UISupportedInterfaceOrientations_iPad = "UIInterfaceOrientationPortrait UIInterfaceOrientationPortraitUpsideDown UIInterfaceOrientationLandscapeLeft UIInterfaceOrientationLandscapeRight";
				INFOPLIST_KEY_UISupportedInterfaceOrientations_iPhone = "UIInterfaceOrientationPortrait UIInterfaceOrientationLandscapeLeft UIInterfaceOrientationLandscapeRight";
				LD_RUNPATH_SEARCH_PATHS = (
					"$(inherited)",
					"@executable_path/Frameworks",
				);
				MARKETING_VERSION = 1.0;
				PRODUCT_BUNDLE_IDENTIFIER = david.Netflix;
				PRODUCT_NAME = "$(TARGET_NAME)";
				SWIFT_EMIT_LOC_STRINGS = YES;
				SWIFT_VERSION = 5.0;
				TARGETED_DEVICE_FAMILY = "1,2";
			};
			name = Release;
		};
/* End XCBuildConfiguration section */

/* Begin XCConfigurationList section */
		630AA24D29D465E900F28151 /* Build configuration list for PBXProject "Netflix" */ = {
			isa = XCConfigurationList;
			buildConfigurations = (
				630AA26429D465EA00F28151 /* Debug */,
				630AA26529D465EA00F28151 /* Release */,
			);
			defaultConfigurationIsVisible = 0;
			defaultConfigurationName = Release;
		};
		630AA26629D465EA00F28151 /* Build configuration list for PBXNativeTarget "Netflix" */ = {
			isa = XCConfigurationList;
			buildConfigurations = (
				630AA26729D465EA00F28151 /* Debug */,
				630AA26829D465EA00F28151 /* Release */,
			);
			defaultConfigurationIsVisible = 0;
			defaultConfigurationName = Release;
		};
/* End XCConfigurationList section */

/* Begin XCRemoteSwiftPackageReference section */
		6367D3CA2A45A3ED004026A8 /* XCRemoteSwiftPackageReference "SDWebImage" */ = {
			isa = XCRemoteSwiftPackageReference;
			repositoryURL = "https://github.com/SDWebImage/SDWebImage.git";
			requirement = {
				kind = upToNextMajorVersion;
				minimumVersion = 5.0.0;
			};
		};
/* End XCRemoteSwiftPackageReference section */

/* Begin XCSwiftPackageProductDependency section */
		6367D3CB2A45A3ED004026A8 /* SDWebImage */ = {
			isa = XCSwiftPackageProductDependency;
			package = 6367D3CA2A45A3ED004026A8 /* XCRemoteSwiftPackageReference "SDWebImage" */;
			productName = SDWebImage;
		};
		6367D3CD2A45A3ED004026A8 /* SDWebImageMapKit */ = {
			isa = XCSwiftPackageProductDependency;
			package = 6367D3CA2A45A3ED004026A8 /* XCRemoteSwiftPackageReference "SDWebImage" */;
			productName = SDWebImageMapKit;
		};
/* End XCSwiftPackageProductDependency section */
	};
	rootObject = 630AA24A29D465E900F28151 /* Project object */;
}
